
Microsoft Visual Studio Solution File, Format Version 12.00
# Visual Studio Version 16
VisualStudioVersion = 16.0.30523.141
MinimumVisualStudioVersion = 10.0.40219.1
Project("{FAE04EC0-301F-11D3-BF4B-00C04F79EFBC}") = "Norwegian", "Norwegian\Norwegian.csproj", "{3C1D6723-39AF-4705-AD45-DECE828632EB}"
EndProject
Global
	GlobalSection(SolutionConfigurationPlatforms) = preSolution
		Debug|Any CPU = Debug|Any CPU
		Release|Any CPU = Release|Any CPU
	EndGlobalSection
	GlobalSection(ProjectConfigurationPlatforms) = postSolution
		{3C1D6723-39AF-4705-AD45-DECE828632EB}.Debug|Any CPU.ActiveCfg = Debug|Any CPU
		{3C1D6723-39AF-4705-AD45-DECE828632EB}.Debug|Any CPU.Build.0 = Debug|Any CPU
		{3C1D6723-39AF-4705-AD45-DECE828632EB}.Release|Any CPU.ActiveCfg = Release|Any CPU
		{3C1D6723-39AF-4705-AD45-DECE828632EB}.Release|Any CPU.Build.0 = Release|Any CPU
	EndGlobalSection
	GlobalSection(SolutionProperties) = preSolution
		HideSolutionNode = FALSE
	EndGlobalSection
	GlobalSection(ExtensibilityGlobals) = postSolution
		SolutionGuid = {44C1BB63-504F-4D46-8C30-2303D3922BE9}
	EndGlobalSection
EndGlobal
